PODS:
  - fl_location (0.0.1):
    - Flutter
  - Flutter (1.0.0)
  - flutter_activity_recognition (0.0.1):
    - Flutter
  - flutter_foreground_task (0.0.1):
    - Flutter
  - FMDB (2.7.5):
    - FMDB/standard (= 2.7.5)
  - FMDB/standard (2.7.5)
  - geofence_service (0.0.1):
    - Flutter
  - geolocator_apple (1.2.0):
    - Flutter
  - google_maps_flutter_ios (0.0.1):
    - Flutter
    - GoogleMaps (< 8.0)
  - GoogleMaps (5.2.0):
    - GoogleMaps/Maps (= 5.2.0)
  - GoogleMaps/Base (5.2.0)
  - GoogleMaps/Maps (5.2.0):
    - GoogleMaps/Base
  - path_provider_foundation (0.0.1):
    - Flutter
    - FlutterMacOS
  - shared_preferences_foundation (0.0.1):
    - Flutter
    - FlutterMacOS
  - sqflite (0.0.3):
    - Flutter
    - FMDB (>= 2.7.5)

DEPENDENCIES:
  - fl_location (from `.symlinks/plugins/fl_location/ios`)
  - Flutter (from `Flutter`)
  - flutter_activity_recognition (from `.symlinks/plugins/flutter_activity_recognition/ios`)
  - flutter_foreground_task (from `.symlinks/plugins/flutter_foreground_task/ios`)
  - geofence_service (from `.symlinks/plugins/geofence_service/ios`)
  - geolocator_apple (from `.symlinks/plugins/geolocator_apple/ios`)
  - google_maps_flutter_ios (from `.symlinks/plugins/google_maps_flutter_ios/ios`)
  - path_provider_foundation (from `.symlinks/plugins/path_provider_foundation/darwin`)
  - shared_preferences_foundation (from `.symlinks/plugins/shared_preferences_foundation/darwin`)
  - sqflite (from `.symlinks/plugins/sqflite/ios`)

SPEC REPOS:
  trunk:
    - FMDB
    - GoogleMaps

EXTERNAL SOURCES:
  fl_location:
    :path: ".symlinks/plugins/fl_location/ios"
  Flutter:
    :path: Flutter
  flutter_activity_recognition:
    :path: ".symlinks/plugins/flutter_activity_recognition/ios"
  flutter_foreground_task:
    :path: ".symlinks/plugins/flutter_foreground_task/ios"
  geofence_service:
    :path: ".symlinks/plugins/geofence_service/ios"
  geolocator_apple:
    :path: ".symlinks/plugins/geolocator_apple/ios"
  google_maps_flutter_ios:
    :path: ".symlinks/plugins/google_maps_flutter_ios/ios"
  path_provider_foundation:
    :path: ".symlinks/plugins/path_provider_foundation/darwin"
  shared_preferences_foundation:
    :path: ".symlinks/plugins/shared_preferences_foundation/darwin"
  sqflite:
    :path: ".symlinks/plugins/sqflite/ios"

SPEC CHECKSUMS:
  fl_location: 68b4a6c4aad2a453493ff66f196e0748280cf43e
  Flutter: f04841e97a9d0b0a8025694d0796dd46242b2854
  flutter_activity_recognition: 5c3b026997742b01e82424ef257db9640822ad77
  flutter_foreground_task: 21ef182ab0a29a3005cc72cd70e5f45cb7f7f817
  FMDB: 2ce00b547f966261cd18927a3ddb07cb6f3db82a
  geofence_service: e007ddec3cf8b85531e8f7b202c1ceabca669d64
  geolocator_apple: cc556e6844d508c95df1e87e3ea6fa4e58c50401
  google_maps_flutter_ios: abdac20d6ce8931f6ebc5f46616df241bfaa2cfd
  GoogleMaps: 025272d5876d3b32604e5c080dc25eaf68764693
  path_provider_foundation: 29f094ae23ebbca9d3d0cec13889cd9060c0e943
  shared_preferences_foundation: 5b919d13b803cadd15ed2dc053125c68730e5126
  sqflite: 31f7eba61e3074736dff8807a9b41581e4f7f15a

PODFILE CHECKSUM: 70d9d25280d0dd177a5f637cdb0f0b0b12c6a189

COCOAPODS: 1.11.3
